Microsoft Visual Studio Solution File, Format Version 12.00
# Visual Studio 2012
Project("{FAE04EC0-301F-11D3-BF4B-00C04F79EFBC}") = "Unity_REST_API_CSharp", "Unity_REST_API_CSharp.csproj", "{818FECC2-476F-42AE-9BD7-3ABC3923E8F7}"
EndProject
Global
	GlobalSection(SolutionConfigurationPlatforms) = preSolution
	Debug|Any CPU = Debug|Any CPU
	ExportDebug|Any CPU = ExportDebug|Any CPU
	ExportRelease|Any CPU = ExportRelease|Any CPU
	EndGlobalSection
	GlobalSection(ProjectConfigurationPlatforms) = postSolution
		{818FECC2-476F-42AE-9BD7-3ABC3923E8F7}.Debug|Any CPU.ActiveCfg = Debug|Any CPU
		{818FECC2-476F-42AE-9BD7-3ABC3923E8F7}.Debug|Any CPU.Build.0 = Debug|Any CPU
		{818FECC2-476F-42AE-9BD7-3ABC3923E8F7}.ExportDebug|Any CPU.ActiveCfg = ExportDebug|Any CPU
		{818FECC2-476F-42AE-9BD7-3ABC3923E8F7}.ExportDebug|Any CPU.Build.0 = ExportDebug|Any CPU
		{818FECC2-476F-42AE-9BD7-3ABC3923E8F7}.ExportRelease|Any CPU.ActiveCfg = ExportRelease|Any CPU
		{818FECC2-476F-42AE-9BD7-3ABC3923E8F7}.ExportRelease|Any CPU.Build.0 = ExportRelease|Any CPU
	EndGlobalSection
EndGlobal
